{
  "name": "lia-next-cha-netlify",
  "version": "1.0.0",
  "lockfileVersion": 2,
  "requires": true,
  "packages": {
    "": {
      "name": "lia-next-cha-netlify",
      "version": "1.0.0",
      "private": true,
      "dependencies": {
        "next": "13.4.12",
        "react": "18.2.0",
        "react-dom": "18.2.0",
        "openai": "4.0.0"
      },
      "devDependencies": {
        "eslint": "8.45.0",
        "eslint-config-next": "13.4.12"
      }
    }
  },
  "dependencies": {
    "next": {
      "version": "13.4.12"
    },
    "react": {
      "version": "18.2.0"
    },
    "react-dom": {
      "version": "18.2.0"
    },
    "openai": {
      "version": "4.0.0"
    },
    "eslint": {
      "version": "8.45.0"
    },
    "eslint-config-next": {
      "version": "13.4.12"
    }
  }
}
